
Microsoft Visual Studio Solution File, Format Version 12.00
# Visual Studio Version 16
VisualStudioVersion = 16.0.29806.167
MinimumVisualStudioVersion = 10.0.40219.1
Project("{9A19103F-16F7-4668-BE54-9A1E7A4F7556}") = "DutchTreat", "DutchTreat\DutchTreat.csproj", "{AAEA6817-3DBD-43CA-BFE2-494B8DE28F30}"
EndProject
Global
	GlobalSection(SolutionConfigurationPlatforms) = preSolution
		Debug|Any CPU = Debug|Any CPU
		Release|Any CPU = Release|Any CPU
	EndGlobalSection
	GlobalSection(ProjectConfigurationPlatforms) = postSolution
		{AAEA6817-3DBD-43CA-BFE2-494B8DE28F30}.Debug|Any CPU.ActiveCfg = Debug|Any CPU
		{AAEA6817-3DBD-43CA-BFE2-494B8DE28F30}.Debug|Any CPU.Build.0 = Debug|Any CPU
		{AAEA6817-3DBD-43CA-BFE2-494B8DE28F30}.Release|Any CPU.ActiveCfg = Release|Any CPU
		{AAEA6817-3DBD-43CA-BFE2-494B8DE28F30}.Release|Any CPU.Build.0 = Release|Any CPU
	EndGlobalSection
	GlobalSection(SolutionProperties) = preSolution
		HideSolutionNode = FALSE
	EndGlobalSection
	GlobalSection(ExtensibilityGlobals) = postSolution
		SolutionGuid = {71C6B38A-A61D-49A9-B590-34343AF41171}
	EndGlobalSection
EndGlobal
